
Microsoft Visual Studio Solution File, Format Version 12.00
# Visual Studio Version 17
VisualStudioVersion = 17.0.31903.59
MinimumVisualStudioVersion = 10.0.40219.1
Project("{2150E333-8FDC-42A3-9474-1A3956D46DE8}") = "src", "src", "{C04B2E32-AC1A-410D-91B5-860D6231C419}"
EndProject
Project("{9A19103F-16F7-4668-BE54-9A1E7A4F7556}") = "Security.Abstract", "src\Security.Abstract\Security.Abstract.csproj", "{6168B250-E2C5-4C3A-AE26-A32B322BB346}"
EndProject
Project("{9A19103F-16F7-4668-BE54-9A1E7A4F7556}") = "Security", "src\Security\Security.csproj", "{E440D775-F1FA-48F5-A31A-148C54EF3F40}"
EndProject
Project("{9A19103F-16F7-4668-BE54-9A1E7A4F7556}") = "Security.DependencyInjection", "src\Security.DependencyInjection\Security.DependencyInjection.csproj", "{9DCA4693-A312-4DA8-BF5B-A6152D1D2E1B}"
EndProject
Global
	GlobalSection(SolutionConfigurationPlatforms) = preSolution
		Debug|Any CPU = Debug|Any CPU
		Release|Any CPU = Release|Any CPU
	EndGlobalSection
	GlobalSection(ProjectConfigurationPlatforms) = postSolution
		{6168B250-E2C5-4C3A-AE26-A32B322BB346}.Debug|Any CPU.ActiveCfg = Debug|Any CPU
		{6168B250-E2C5-4C3A-AE26-A32B322BB346}.Debug|Any CPU.Build.0 = Debug|Any CPU
		{6168B250-E2C5-4C3A-AE26-A32B322BB346}.Release|Any CPU.ActiveCfg = Release|Any CPU
		{6168B250-E2C5-4C3A-AE26-A32B322BB346}.Release|Any CPU.Build.0 = Release|Any CPU
		{E440D775-F1FA-48F5-A31A-148C54EF3F40}.Debug|Any CPU.ActiveCfg = Debug|Any CPU
		{E440D775-F1FA-48F5-A31A-148C54EF3F40}.Debug|Any CPU.Build.0 = Debug|Any CPU
		{E440D775-F1FA-48F5-A31A-148C54EF3F40}.Release|Any CPU.ActiveCfg = Release|Any CPU
		{E440D775-F1FA-48F5-A31A-148C54EF3F40}.Release|Any CPU.Build.0 = Release|Any CPU
		{9DCA4693-A312-4DA8-BF5B-A6152D1D2E1B}.Debug|Any CPU.ActiveCfg = Debug|Any CPU
		{9DCA4693-A312-4DA8-BF5B-A6152D1D2E1B}.Debug|Any CPU.Build.0 = Debug|Any CPU
		{9DCA4693-A312-4DA8-BF5B-A6152D1D2E1B}.Release|Any CPU.ActiveCfg = Release|Any CPU
		{9DCA4693-A312-4DA8-BF5B-A6152D1D2E1B}.Release|Any CPU.Build.0 = Release|Any CPU
	EndGlobalSection
	GlobalSection(SolutionProperties) = preSolution
		HideSolutionNode = FALSE
	EndGlobalSection
	GlobalSection(NestedProjects) = preSolution
		{6168B250-E2C5-4C3A-AE26-A32B322BB346} = {C04B2E32-AC1A-410D-91B5-860D6231C419}
		{E440D775-F1FA-48F5-A31A-148C54EF3F40} = {C04B2E32-AC1A-410D-91B5-860D6231C419}
		{9DCA4693-A312-4DA8-BF5B-A6152D1D2E1B} = {C04B2E32-AC1A-410D-91B5-860D6231C419}
	EndGlobalSection
EndGlobal
